// !$*UTF8*$!
{
	archiveVersion = 1;
	classes = {
	};
	objectVersion = 55;
	objects = {

/* Begin PBXBuildFile section */
		9646395628998F95006523E6 /* RegisterView.swift in Sources */ = {isa = PBXBuildFile; fileRef = 9646395528998F95006523E6 /* RegisterView.swift */; };
		9660E28428A28A1500D0F3AE /* RegisterController.swift in Sources */ = {isa = PBXBuildFile; fileRef = 9660E28328A28A1500D0F3AE /* RegisterController.swift */; };
		9665773C289C2E44001DF2B9 /* MenuView.swift in Sources */ = {isa = PBXBuildFile; fileRef = 9665773B289C2E44001DF2B9 /* MenuView.swift */; };
		96A7A8C1289968F3006870ED /* LoginView.swift in Sources */ = {isa = PBXBuildFile; fileRef = 96A7A8C0289968F3006870ED /* LoginView.swift */; };
		96C42ADD2893415C00EC142C /* AppDelegate.swift in Sources */ = {isa = PBXBuildFile; fileRef = 96C42ADC2893415C00EC142C /* AppDelegate.swift */; };
		96C42ADF2893415C00EC142C /* SceneDelegate.swift in Sources */ = {isa = PBXBuildFile; fileRef = 96C42ADE2893415C00EC142C /* SceneDelegate.swift */; };
		96C42AE12893415C00EC142C /* ViewController.swift in Sources */ = {isa = PBXBuildFile; fileRef = 96C42AE02893415C00EC142C /* ViewController.swift */; };
		96C42AE42893415C00EC142C /* Main.storyboard in Resources */ = {isa = PBXBuildFile; fileRef = 96C42AE22893415C00EC142C /* Main.storyboard */; };
		96C42AE72893415C00EC142C /* CompraEVenda_StoryBoard.xcdatamodeld in Sources */ = {isa = PBXBuildFile; fileRef = 96C42AE52893415C00EC142C /* CompraEVenda_StoryBoard.xcdatamodeld */; };
		96C42AE92893416000EC142C /* Assets.xcassets in Resources */ = {isa = PBXBuildFile; fileRef = 96C42AE82893416000EC142C /* Assets.xcassets */; };
		96C42AEC2893416000EC142C /* LaunchScreen.storyboard in Resources */ = {isa = PBXBuildFile; fileRef = 96C42AEA2893416000EC142C /* LaunchScreen.storyboard */; };
		96C42AF5289341A500EC142C /* FirstScreen.swift in Sources */ = {isa = PBXBuildFile; fileRef = 96C42AF4289341A500EC142C /* FirstScreen.swift */; };
		96CB469D289AD92F0070F7A4 /* HomeView.swift in Sources */ = {isa = PBXBuildFile; fileRef = 96CB469C289AD92E0070F7A4 /* HomeView.swift */; };
		96EC5AF4289D470F000B3B69 /* NotificationView.swift in Sources */ = {isa = PBXBuildFile; fileRef = 96EC5AF3289D470F000B3B69 /* NotificationView.swift */; };
		96EC5AF9289D4B00000B3B69 /* RegisterClientView.swift in Sources */ = {isa = PBXBuildFile; fileRef = 96EC5AF8289D4B00000B3B69 /* RegisterClientView.swift */; };
		96EC5AFE289D65F8000B3B69 /* RegisterProductView.swift in Sources */ = {isa = PBXBuildFile; fileRef = 96EC5AFD289D65F8000B3B69 /* RegisterProductView.swift */; };
		96EC5B01289D857D000B3B69 /* SetupElements.swift in Sources */ = {isa = PBXBuildFile; fileRef = 96EC5B00289D857D000B3B69 /* SetupElements.swift */; };
/* End PBXBuildFile section */

/* Begin PBXFileReference section */
		9646395528998F95006523E6 /* RegisterView.swift */ = {isa = PBXFileReference; lastKnownFileType = sourcecode.swift; path = RegisterView.swift; sourceTree = "<group>"; };
		9660E28328A28A1500D0F3AE /* RegisterController.swift */ = {isa = PBXFileReference; lastKnownFileType = sourcecode.swift; path = RegisterController.swift; sourceTree = "<group>"; };
		9665773B289C2E44001DF2B9 /* MenuView.swift */ = {isa = PBXFileReference; lastKnownFileType = sourcecode.swift; path = MenuView.swift; sourceTree = "<group>"; };
		96A7A8C0289968F3006870ED /* LoginView.swift */ = {isa = PBXFileReference; lastKnownFileType = sourcecode.swift; path = LoginView.swift; sourceTree = "<group>"; };
		96C42AD92893415C00EC142C /* CompraEVenda-StoryBoard.app */ = {isa = PBXFileReference; explicitFileType = wrapper.application; includeInIndex = 0; path = "CompraEVenda-StoryBoard.app"; sourceTree = BUILT_PRODUCTS_DIR; };
		96C42ADC2893415C00EC142C /* AppDelegate.swift */ = {isa = PBXFileReference; lastKnownFileType = sourcecode.swift; path = AppDelegate.swift; sourceTree = "<group>"; };
		96C42ADE2893415C00EC142C /* SceneDelegate.swift */ = {isa = PBXFileReference; lastKnownFileType = sourcecode.swift; path = SceneDelegate.swift; sourceTree = "<group>"; };
		96C42AE02893415C00EC142C /* ViewController.swift */ = {isa = PBXFileReference; lastKnownFileType = sourcecode.swift; path = ViewController.swift; sourceTree = "<group>"; };
		96C42AE32893415C00EC142C /* Base */ = {isa = PBXFileReference; lastKnownFileType = file.storyboard; name = Base; path = Base.lproj/Main.storyboard; sourceTree = "<group>"; };
		96C42AE62893415C00EC142C /* CompraEVenda_StoryBoard.xcdatamodel */ = {isa = PBXFileReference; lastKnownFileType = wrapper.xcdatamodel; path = CompraEVenda_StoryBoard.xcdatamodel; sourceTree = "<group>"; };
		96C42AE82893416000EC142C /* Assets.xcassets */ = {isa = PBXFileReference; lastKnownFileType = folder.assetcatalog; path = Assets.xcassets; sourceTree = "<group>"; };
		96C42AEB2893416000EC142C /* Base */ = {isa = PBXFileReference; lastKnownFileType = file.storyboard; name = Base; path = Base.lproj/LaunchScreen.storyboard; sourceTree = "<group>"; };
		96C42AED2893416000EC142C /* Info.plist */ = {isa = PBXFileReference; lastKnownFileType = text.plist.xml; path = Info.plist; sourceTree = "<group>"; };
		96C42AF4289341A500EC142C /* FirstScreen.swift */ = {isa = PBXFileReference; lastKnownFileType = sourcecode.swift; path = FirstScreen.swift; sourceTree = "<group>"; };
		96CB469C289AD92E0070F7A4 /* HomeView.swift */ = {isa = PBXFileReference; lastKnownFileType = sourcecode.swift; path = HomeView.swift; sourceTree = "<group>"; };
		96EC5AF3289D470F000B3B69 /* NotificationView.swift */ = {isa = PBXFileReference; lastKnownFileType = sourcecode.swift; path = NotificationView.swift; sourceTree = "<group>"; };
		96EC5AF8289D4B00000B3B69 /* RegisterClientView.swift */ = {isa = PBXFileReference; lastKnownFileType = sourcecode.swift; path = RegisterClientView.swift; sourceTree = "<group>"; };
		96EC5AFD289D65F8000B3B69 /* RegisterProductView.swift */ = {isa = PBXFileReference; lastKnownFileType = sourcecode.swift; path = RegisterProductView.swift; sourceTree = "<group>"; };
		96EC5B00289D857D000B3B69 /* SetupElements.swift */ = {isa = PBXFileReference; lastKnownFileType = sourcecode.swift; path = SetupElements.swift; sourceTree = "<group>"; };
/* End PBXFileReference section */

/* Begin PBXFrameworksBuildPhase section */
		96C42AD62893415C00EC142C /* Frameworks */ = {
			isa = PBXFrameworksBuildPhase;
			buildActionMask = 2147483647;
			files = (
			);
			runOnlyForDeploymentPostprocessing = 0;
		};
/* End PBXFrameworksBuildPhase section */

/* Begin PBXGroup section */
		9646395328998F77006523E6 /* Register */ = {
			isa = PBXGroup;
			children = (
				9660E28228A289F500D0F3AE /* Controller */,
				9646395428998F86006523E6 /* View */,
			);
			path = Register;
			sourceTree = "<group>";
		};
		9646395428998F86006523E6 /* View */ = {
			isa = PBXGroup;
			children = (
				9646395528998F95006523E6 /* RegisterView.swift */,
			);
			path = View;
			sourceTree = "<group>";
		};
		9660E28228A289F500D0F3AE /* Controller */ = {
			isa = PBXGroup;
			children = (
				9660E28328A28A1500D0F3AE /* RegisterController.swift */,
			);
			path = Controller;
			sourceTree = "<group>";
		};
		96657739289C2D6A001DF2B9 /* Menu */ = {
			isa = PBXGroup;
			children = (
				9665773A289C2D71001DF2B9 /* View */,
			);
			path = Menu;
			sourceTree = "<group>";
		};
		9665773A289C2D71001DF2B9 /* View */ = {
			isa = PBXGroup;
			children = (
				9665773B289C2E44001DF2B9 /* MenuView.swift */,
			);
			path = View;
			sourceTree = "<group>";
		};
		96A7A8BD289958FA006870ED /* AppDelegate */ = {
			isa = PBXGroup;
			children = (
				96C42ADC2893415C00EC142C /* AppDelegate.swift */,
				96C42ADE2893415C00EC142C /* SceneDelegate.swift */,
				96C42AE02893415C00EC142C /* ViewController.swift */,
			);
			path = AppDelegate;
			sourceTree = "<group>";
		};
		96A7A8BE289968CD006870ED /* Login */ = {
			isa = PBXGroup;
			children = (
				96A7A8BF289968DF006870ED /* View */,
			);
			path = Login;
			sourceTree = "<group>";
		};
		96A7A8BF289968DF006870ED /* View */ = {
			isa = PBXGroup;
			children = (
				96A7A8C0289968F3006870ED /* LoginView.swift */,
			);
			path = View;
			sourceTree = "<group>";
		};
		96C42AD02893415C00EC142C = {
			isa = PBXGroup;
			children = (
				96C42ADB2893415C00EC142C /* CompraEVenda-StoryBoard */,
				96C42ADA2893415C00EC142C /* Products */,
			);
			sourceTree = "<group>";
		};
		96C42ADA2893415C00EC142C /* Products */ = {
			isa = PBXGroup;
			children = (
				96C42AD92893415C00EC142C /* CompraEVenda-StoryBoard.app */,
			);
			name = Products;
			sourceTree = "<group>";
		};
		96C42ADB2893415C00EC142C /* CompraEVenda-StoryBoard */ = {
			isa = PBXGroup;
			children = (
				96EC5AFF289D8568000B3B69 /* SetupElements */,
				96EC5AFA289D65B1000B3B69 /* Product */,
				96EC5AF5289D4AC8000B3B69 /* Client */,
				96EC5AEF289D46E5000B3B69 /* Notification */,
				96657739289C2D6A001DF2B9 /* Menu */,
				96CB469A289AD9130070F7A4 /* Home */,
				9646395328998F77006523E6 /* Register */,
				96A7A8BE289968CD006870ED /* Login */,
				96C42AF32893418B00EC142C /* FirstScreen */,
				96A7A8BD289958FA006870ED /* AppDelegate */,
				96C42AE22893415C00EC142C /* Main.storyboard */,
				96C42AE82893416000EC142C /* Assets.xcassets */,
				96C42AEA2893416000EC142C /* LaunchScreen.storyboard */,
				96C42AED2893416000EC142C /* Info.plist */,
				96C42AE52893415C00EC142C /* CompraEVenda_StoryBoard.xcdatamodeld */,
			);
			path = "CompraEVenda-StoryBoard";
			sourceTree = "<group>";
		};
		96C42AF32893418B00EC142C /* FirstScreen */ = {
			isa = PBXGroup;
			children = (
				96C42AF4289341A500EC142C /* FirstScreen.swift */,
			);
			path = FirstScreen;
			sourceTree = "<group>";
		};
		96CB469A289AD9130070F7A4 /* Home */ = {
			isa = PBXGroup;
			children = (
				96CB469B289AD91A0070F7A4 /* HomeView */,
			);
			path = Home;
			sourceTree = "<group>";
		};
		96CB469B289AD91A0070F7A4 /* HomeView */ = {
			isa = PBXGroup;
			children = (
				96CB469C289AD92E0070F7A4 /* HomeView.swift */,
			);
			path = HomeView;
			sourceTree = "<group>";
		};
		96EC5AEF289D46E5000B3B69 /* Notification */ = {
			isa = PBXGroup;
			children = (
				96EC5AF2289D46FA000B3B69 /* ViewModel */,
				96EC5AF1289D46F5000B3B69 /* View */,
				96EC5AF0289D46EF000B3B69 /* Model */,
			);
			path = Notification;
			sourceTree = "<group>";
		};
		96EC5AF0289D46EF000B3B69 /* Model */ = {
			isa = PBXGroup;
			children = (
			);
			path = Model;
			sourceTree = "<group>";
		};
		96EC5AF1289D46F5000B3B69 /* View */ = {
			isa = PBXGroup;
			children = (
				96EC5AF3289D470F000B3B69 /* NotificationView.swift */,
			);
			path = View;
			sourceTree = "<group>";
		};
		96EC5AF2289D46FA000B3B69 /* ViewModel */ = {
			isa = PBXGroup;
			children = (
			);
			path = ViewModel;
			sourceTree = "<group>";
		};
		96EC5AF5289D4AC8000B3B69 /* Client */ = {
			isa = PBXGroup;
			children = (
				96EC5AF6289D4AD4000B3B69 /* RegisterClient */,
			);
			path = Client;
			sourceTree = "<group>";
		};
		96EC5AF6289D4AD4000B3B69 /* RegisterClient */ = {
			isa = PBXGroup;
			children = (
				96EC5AF7289D4ADD000B3B69 /* View */,
			);
			path = RegisterClient;
			sourceTree = "<group>";
		};
		96EC5AF7289D4ADD000B3B69 /* View */ = {
			isa = PBXGroup;
			children = (
				96EC5AF8289D4B00000B3B69 /* RegisterClientView.swift */,
			);
			path = View;
			sourceTree = "<group>";
		};
		96EC5AFA289D65B1000B3B69 /* Product */ = {
			isa = PBXGroup;
			children = (
				96EC5AFB289D65CD000B3B69 /* RegisterProduct */,
			);
			path = Product;
			sourceTree = "<group>";
		};
		96EC5AFB289D65CD000B3B69 /* RegisterProduct */ = {
			isa = PBXGroup;
			children = (
				96EC5AFC289D65E2000B3B69 /* View */,
			);
			path = RegisterProduct;
			sourceTree = "<group>";
		};
		96EC5AFC289D65E2000B3B69 /* View */ = {
			isa = PBXGroup;
			children = (
				96EC5AFD289D65F8000B3B69 /* RegisterProductView.swift */,
			);
			path = View;
			sourceTree = "<group>";
		};
		96EC5AFF289D8568000B3B69 /* SetupElements */ = {
			isa = PBXGroup;
			children = (
				96EC5B00289D857D000B3B69 /* SetupElements.swift */,
			);
			path = SetupElements;
			sourceTree = "<group>";
		};
/* End PBXGroup section */

/* Begin PBXNativeTarget section */
		96C42AD82893415C00EC142C /* CompraEVenda-StoryBoard */ = {
			isa = PBXNativeTarget;
			buildConfigurationList = 96C42AF02893416000EC142C /* Build configuration list for PBXNativeTarget "CompraEVenda-StoryBoard" */;
			buildPhases = (
				96C42AD52893415C00EC142C /* Sources */,
				96C42AD62893415C00EC142C /* Frameworks */,
				96C42AD72893415C00EC142C /* Resources */,
			);
			buildRules = (
			);
			dependencies = (
			);
			name = "CompraEVenda-StoryBoard";
			productName = "CompraEVenda-StoryBoard";
			productReference = 96C42AD92893415C00EC142C /* CompraEVenda-StoryBoard.app */;
			productType = "com.apple.product-type.application";
		};
/* End PBXNativeTarget section */

/* Begin PBXProject section */
		96C42AD12893415C00EC142C /* Project object */ = {
			isa = PBXProject;
			attributes = {
				BuildIndependentTargetsInParallel = 1;
				LastSwiftUpdateCheck = 1340;
				LastUpgradeCheck = 1340;
				TargetAttributes = {
					96C42AD82893415C00EC142C = {
						CreatedOnToolsVersion = 13.4.1;
					};
				};
			};
			buildConfigurationList = 96C42AD42893415C00EC142C /* Build configuration list for PBXProject "CompraEVenda-StoryBoard" */;
			compatibilityVersion = "Xcode 13.0";
			developmentRegion = en;
			hasScannedForEncodings = 0;
			knownRegions = (
				en,
				Base,
			);
			mainGroup = 96C42AD02893415C00EC142C;
			productRefGroup = 96C42ADA2893415C00EC142C /* Products */;
			projectDirPath = "";
			projectRoot = "";
			targets = (
				96C42AD82893415C00EC142C /* CompraEVenda-StoryBoard */,
			);
		};
/* End PBXProject section */

/* Begin PBXResourcesBuildPhase section */
		96C42AD72893415C00EC142C /* Resources */ = {
			isa = PBXResourcesBuildPhase;
			buildActionMask = 2147483647;
			files = (
				96C42AEC2893416000EC142C /* LaunchScreen.storyboard in Resources */,
				96C42AE92893416000EC142C /* Assets.xcassets in Resources */,
				96C42AE42893415C00EC142C /* Main.storyboard in Resources */,
			);
			runOnlyForDeploymentPostprocessing = 0;
		};
/* End PBXResourcesBuildPhase section */

/* Begin PBXSourcesBuildPhase section */
		96C42AD52893415C00EC142C /* Sources */ = {
			isa = PBXSourcesBuildPhase;
			buildActionMask = 2147483647;
			files = (
				96A7A8C1289968F3006870ED /* LoginView.swift in Sources */,
				96EC5AFE289D65F8000B3B69 /* RegisterProductView.swift in Sources */,
				96C42AE12893415C00EC142C /* ViewController.swift in Sources */,
				96C42AE72893415C00EC142C /* CompraEVenda_StoryBoard.xcdatamodeld in Sources */,
				9646395628998F95006523E6 /* RegisterView.swift in Sources */,
				9665773C289C2E44001DF2B9 /* MenuView.swift in Sources */,
				96C42ADD2893415C00EC142C /* AppDelegate.swift in Sources */,
				96CB469D289AD92F0070F7A4 /* HomeView.swift in Sources */,
				96C42ADF2893415C00EC142C /* SceneDelegate.swift in Sources */,
				96C42AF5289341A500EC142C /* FirstScreen.swift in Sources */,
				9660E28428A28A1500D0F3AE /* RegisterController.swift in Sources */,
				96EC5AF4289D470F000B3B69 /* NotificationView.swift in Sources */,
				96EC5AF9289D4B00000B3B69 /* RegisterClientView.swift in Sources */,
				96EC5B01289D857D000B3B69 /* SetupElements.swift in Sources */,
			);
			runOnlyForDeploymentPostprocessing = 0;
		};
/* End PBXSourcesBuildPhase section */

/* Begin PBXVariantGroup section */
		96C42AE22893415C00EC142C /* Main.storyboard */ = {
			isa = PBXVariantGroup;
			children = (
				96C42AE32893415C00EC142C /* Base */,
			);
			name = Main.storyboard;
			sourceTree = "<group>";
		};
		96C42AEA2893416000EC142C /* LaunchScreen.storyboard */ = {
			isa = PBXVariantGroup;
			children = (
				96C42AEB2893416000EC142C /* Base */,
			);
			name = LaunchScreen.storyboard;
			sourceTree = "<group>";
		};
/* End PBXVariantGroup section */

/* Begin XCBuildConfiguration section */
		96C42AEE2893416000EC142C /* Debug */ = {
			isa = XCBuildConfiguration;
			buildSettings = {
				ALWAYS_SEARCH_USER_PATHS = NO;
				CLANG_ANALYZER_NONNULL = YES;
				CLANG_ANALYZER_NUMBER_OBJECT_CONVERSION = YES_AGGRESSIVE;
				CLANG_CXX_LANGUAGE_STANDARD = "gnu++17";
				CLANG_ENABLE_MODULES = YES;
				CLANG_ENABLE_OBJC_ARC = YES;
				CLANG_ENABLE_OBJC_WEAK = YES;
				CLANG_WARN_BLOCK_CAPTURE_AUTORELEASING = YES;
				CLANG_WARN_BOOL_CONVERSION = YES;
				CLANG_WARN_COMMA = YES;
				CLANG_WARN_CONSTANT_CONVERSION = YES;
				CLANG_WARN_DEPRECATED_OBJC_IMPLEMENTATIONS = YES;
				CLANG_WARN_DIRECT_OBJC_ISA_USAGE = YES_ERROR;
				CLANG_WARN_DOCUMENTATION_COMMENTS = YES;
				CLANG_WARN_EMPTY_BODY = YES;
				CLANG_WARN_ENUM_CONVERSION = YES;
				CLANG_WARN_INFINITE_RECURSION = YES;
				CLANG_WARN_INT_CONVERSION = YES;
				CLANG_WARN_NON_LITERAL_NULL_CONVERSION = YES;
				CLANG_WARN_OBJC_IMPLICIT_RETAIN_SELF = YES;
				CLANG_WARN_OBJC_LITERAL_CONVERSION = YES;
				CLANG_WARN_OBJC_ROOT_CLASS = YES_ERROR;
				CLANG_WARN_QUOTED_INCLUDE_IN_FRAMEWORK_HEADER = YES;
				CLANG_WARN_RANGE_LOOP_ANALYSIS = YES;
				CLANG_WARN_STRICT_PROTOTYPES = YES;
				CLANG_WARN_SUSPICIOUS_MOVE = YES;
				CLANG_WARN_UNGUARDED_AVAILABILITY = YES_AGGRESSIVE;
				CLANG_WARN_UNREACHABLE_CODE = YES;
				CLANG_WARN__DUPLICATE_METHOD_MATCH = YES;
				COPY_PHASE_STRIP = NO;
				DEBUG_INFORMATION_FORMAT = dwarf;
				ENABLE_STRICT_OBJC_MSGSEND = YES;
				ENABLE_TESTABILITY = YES;
				GCC_C_LANGUAGE_STANDARD = gnu11;
				GCC_DYNAMIC_NO_PIC = NO;
				GCC_NO_COMMON_BLOCKS = YES;
				GCC_OPTIMIZATION_LEVEL = 0;
				GCC_PREPROCESSOR_DEFINITIONS = (
					"DEBUG=1",
					"$(inherited)",
				);
				GCC_WARN_64_TO_32_BIT_CONVERSION = YES;
				GCC_WARN_ABOUT_RETURN_TYPE = YES_ERROR;
				GCC_WARN_UNDECLARED_SELECTOR = YES;
				GCC_WARN_UNINITIALIZED_AUTOS = YES_AGGRESSIVE;
				GCC_WARN_UNUSED_FUNCTION = YES;
				GCC_WARN_UNUSED_VARIABLE = YES;
				IPHONEOS_DEPLOYMENT_TARGET = 15.5;
				MTL_ENABLE_DEBUG_INFO = INCLUDE_SOURCE;
				MTL_FAST_MATH = YES;
				ONLY_ACTIVE_ARCH = YES;
				SDKROOT = iphoneos;
				SWIFT_ACTIVE_COMPILATION_CONDITIONS = DEBUG;
				SWIFT_OPTIMIZATION_LEVEL = "-Onone";
			};
			name = Debug;
		};
		96C42AEF2893416000EC142C /* Release */ = {
			isa = XCBuildConfiguration;
			buildSettings = {
				ALWAYS_SEARCH_USER_PATHS = NO;
				CLANG_ANALYZER_NONNULL = YES;
				CLANG_ANALYZER_NUMBER_OBJECT_CONVERSION = YES_AGGRESSIVE;
				CLANG_CXX_LANGUAGE_STANDARD = "gnu++17";
				CLANG_ENABLE_MODULES = YES;
				CLANG_ENABLE_OBJC_ARC = YES;
				CLANG_ENABLE_OBJC_WEAK = YES;
				CLANG_WARN_BLOCK_CAPTURE_AUTORELEASING = YES;
				CLANG_WARN_BOOL_CONVERSION = YES;
				CLANG_WARN_COMMA = YES;
				CLANG_WARN_CONSTANT_CONVERSION = YES;
				CLANG_WARN_DEPRECATED_OBJC_IMPLEMENTATIONS = YES;
				CLANG_WARN_DIRECT_OBJC_ISA_USAGE = YES_ERROR;
				CLANG_WARN_DOCUMENTATION_COMMENTS = YES;
				CLANG_WARN_EMPTY_BODY = YES;
				CLANG_WARN_ENUM_CONVERSION = YES;
				CLANG_WARN_INFINITE_RECURSION = YES;
				CLANG_WARN_INT_CONVERSION = YES;
				CLANG_WARN_NON_LITERAL_NULL_CONVERSION = YES;
				CLANG_WARN_OBJC_IMPLICIT_RETAIN_SELF = YES;
				CLANG_WARN_OBJC_LITERAL_CONVERSION = YES;
				CLANG_WARN_OBJC_ROOT_CLASS = YES_ERROR;
				CLANG_WARN_QUOTED_INCLUDE_IN_FRAMEWORK_HEADER = YES;
				CLANG_WARN_RANGE_LOOP_ANALYSIS = YES;
				CLANG_WARN_STRICT_PROTOTYPES = YES;
				CLANG_WARN_SUSPICIOUS_MOVE = YES;
				CLANG_WARN_UNGUARDED_AVAILABILITY = YES_AGGRESSIVE;
				CLANG_WARN_UNREACHABLE_CODE = YES;
				CLANG_WARN__DUPLICATE_METHOD_MATCH = YES;
				COPY_PHASE_STRIP = NO;
				DEBUG_INFORMATION_FORMAT = "dwarf-with-dsym";
				ENABLE_NS_ASSERTIONS = NO;
				ENABLE_STRICT_OBJC_MSGSEND = YES;
				GCC_C_LANGUAGE_STANDARD = gnu11;
				GCC_NO_COMMON_BLOCKS = YES;
				GCC_WARN_64_TO_32_BIT_CONVERSION = YES;
				GCC_WARN_ABOUT_RETURN_TYPE = YES_ERROR;
				GCC_WARN_UNDECLARED_SELECTOR = YES;
				GCC_WARN_UNINITIALIZED_AUTOS = YES_AGGRESSIVE;
				GCC_WARN_UNUSED_FUNCTION = YES;
				GCC_WARN_UNUSED_VARIABLE = YES;
				IPHONEOS_DEPLOYMENT_TARGET = 15.5;
				MTL_ENABLE_DEBUG_INFO = NO;
				MTL_FAST_MATH = YES;
				SDKROOT = iphoneos;
				SWIFT_COMPILATION_MODE = wholemodule;
				SWIFT_OPTIMIZATION_LEVEL = "-O";
				VALIDATE_PRODUCT = YES;
			};
			name = Release;
		};
		96C42AF12893416000EC142C /* Debug */ = {
			isa = XCBuildConfiguration;
			buildSettings = {
				ASSETCATALOG_COMPILER_APPICON_NAME = AppIcon;
				ASSETCATALOG_COMPILER_GLOBAL_ACCENT_COLOR_NAME = AccentColor;
				CODE_SIGN_STYLE = Automatic;
				CURRENT_PROJECT_VERSION = 1;
				DEVELOPMENT_TEAM = 5KTT96MV9L;
				GENERATE_INFOPLIST_FILE = YES;
				INFOPLIST_FILE = "CompraEVenda-StoryBoard/Info.plist";
				INFOPLIST_KEY_UIApplicationSupportsIndirectInputEvents = YES;
				INFOPLIST_KEY_UILaunchStoryboardName = LaunchScreen;
				INFOPLIST_KEY_UIMainStoryboardFile = Main;
				INFOPLIST_KEY_UISupportedInterfaceOrientations_iPad = "UIInterfaceOrientationPortrait UIInterfaceOrientationPortraitUpsideDown UIInterfaceOrientationLandscapeLeft UIInterfaceOrientationLandscapeRight";
				INFOPLIST_KEY_UISupportedInterfaceOrientations_iPhone = "UIInterfaceOrientationPortrait UIInterfaceOrientationLandscapeLeft UIInterfaceOrientationLandscapeRight";
				LD_RUNPATH_SEARCH_PATHS = (
					"$(inherited)",
					"@executable_path/Frameworks",
				);
				MARKETING_VERSION = 1.0;
				PRODUCT_BUNDLE_IDENTIFIER = "Vinicius-Angelo.CompraEVenda-StoryBoard";
				PRODUCT_NAME = "$(TARGET_NAME)";
				SWIFT_EMIT_LOC_STRINGS = YES;
				SWIFT_VERSION = 5.0;
				TARGETED_DEVICE_FAMILY = "1,2";
			};
			name = Debug;
		};
		96C42AF22893416000EC142C /* Release */ = {
			isa = XCBuildConfiguration;
			buildSettings = {
				ASSETCATALOG_COMPILER_APPICON_NAME = AppIcon;
				ASSETCATALOG_COMPILER_GLOBAL_ACCENT_COLOR_NAME = AccentColor;
				CODE_SIGN_STYLE = Automatic;
				CURRENT_PROJECT_VERSION = 1;
				DEVELOPMENT_TEAM = 5KTT96MV9L;
				GENERATE_INFOPLIST_FILE = YES;
				INFOPLIST_FILE = "CompraEVenda-StoryBoard/Info.plist";
				INFOPLIST_KEY_UIApplicationSupportsIndirectInputEvents = YES;
				INFOPLIST_KEY_UILaunchStoryboardName = LaunchScreen;
				INFOPLIST_KEY_UIMainStoryboardFile = Main;
				INFOPLIST_KEY_UISupportedInterfaceOrientations_iPad = "UIInterfaceOrientationPortrait UIInterfaceOrientationPortraitUpsideDown UIInterfaceOrientationLandscapeLeft UIInterfaceOrientationLandscapeRight";
				INFOPLIST_KEY_UISupportedInterfaceOrientations_iPhone = "UIInterfaceOrientationPortrait UIInterfaceOrientationLandscapeLeft UIInterfaceOrientationLandscapeRight";
				LD_RUNPATH_SEARCH_PATHS = (
					"$(inherited)",
					"@executable_path/Frameworks",
				);
				MARKETING_VERSION = 1.0;
				PRODUCT_BUNDLE_IDENTIFIER = "Vinicius-Angelo.CompraEVenda-StoryBoard";
				PRODUCT_NAME = "$(TARGET_NAME)";
				SWIFT_EMIT_LOC_STRINGS = YES;
				SWIFT_VERSION = 5.0;
				TARGETED_DEVICE_FAMILY = "1,2";
			};
			name = Release;
		};
/* End XCBuildConfiguration section */

/* Begin XCConfigurationList section */
		96C42AD42893415C00EC142C /* Build configuration list for PBXProject "CompraEVenda-StoryBoard" */ = {
			isa = XCConfigurationList;
			buildConfigurations = (
				96C42AEE2893416000EC142C /* Debug */,
				96C42AEF2893416000EC142C /* Release */,
			);
			defaultConfigurationIsVisible = 0;
			defaultConfigurationName = Release;
		};
		96C42AF02893416000EC142C /* Build configuration list for PBXNativeTarget "CompraEVenda-StoryBoard" */ = {
			isa = XCConfigurationList;
			buildConfigurations = (
				96C42AF12893416000EC142C /* Debug */,
				96C42AF22893416000EC142C /* Release */,
			);
			defaultConfigurationIsVisible = 0;
			defaultConfigurationName = Release;
		};
/* End XCConfigurationList section */

/* Begin XCVersionGroup section */
		96C42AE52893415C00EC142C /* CompraEVenda_StoryBoard.xcdatamodeld */ = {
			isa = XCVersionGroup;
			children = (
				96C42AE62893415C00EC142C /* CompraEVenda_StoryBoard.xcdatamodel */,
			);
			currentVersion = 96C42AE62893415C00EC142C /* CompraEVenda_StoryBoard.xcdatamodel */;
			path = CompraEVenda_StoryBoard.xcdatamodeld;
			sourceTree = "<group>";
			versionGroupType = wrapper.xcdatamodel;
		};
/* End XCVersionGroup section */
	};
	rootObject = 96C42AD12893415C00EC142C /* Project object */;
}
